
Microsoft Visual Studio Solution File, Format Version 12.00
# Visual Studio Version 17
VisualStudioVersion = 17.1.32228.430
MinimumVisualStudioVersion = 10.0.40219.1
Project("{FAE04EC0-301F-11D3-BF4B-00C04F79EFBC}") = "MotionLibrary", "MotionLibrary\MotionLibrary.csproj", "{FDE6FB18-DF48-4257-BE1A-A7EF10342EE4}"
EndProject
Global
	GlobalSection(SolutionConfigurationPlatforms) = preSolution
		Debug|Any CPU = Debug|Any CPU
		Release|Any CPU = Release|Any CPU
	EndGlobalSection
	GlobalSection(ProjectConfigurationPlatforms) = postSolution
		{FDE6FB18-DF48-4257-BE1A-A7EF10342EE4}.Debug|Any CPU.ActiveCfg = Debug|Any CPU
		{FDE6FB18-DF48-4257-BE1A-A7EF10342EE4}.Debug|Any CPU.Build.0 = Debug|Any CPU
		{FDE6FB18-DF48-4257-BE1A-A7EF10342EE4}.Release|Any CPU.ActiveCfg = Release|Any CPU
		{FDE6FB18-DF48-4257-BE1A-A7EF10342EE4}.Release|Any CPU.Build.0 = Release|Any CPU
	EndGlobalSection
	GlobalSection(SolutionProperties) = preSolution
		HideSolutionNode = FALSE
	EndGlobalSection
	GlobalSection(ExtensibilityGlobals) = postSolution
		SolutionGuid = {759A5DB7-7879-451D-AEA1-F51207123783}
	EndGlobalSection
EndGlobal
